
Microsoft Visual Studio Solution File, Format Version 12.00
# Visual Studio Version 16
VisualStudioVersion = 16.0.29709.97
MinimumVisualStudioVersion = 10.0.40219.1
Project("{FAE04EC0-301F-11D3-BF4B-00C04F79EFBC}") = "Span", "Span\Span.csproj", "{8660062D-C03E-4B1C-9A7E-4419BE5C7BBA}"
EndProject
Global
	GlobalSection(SolutionConfigurationPlatforms) = preSolution
		Debug|Any CPU = Debug|Any CPU
		Release|Any CPU = Release|Any CPU
	EndGlobalSection
	GlobalSection(ProjectConfigurationPlatforms) = postSolution
		{8660062D-C03E-4B1C-9A7E-4419BE5C7BBA}.Debug|Any CPU.ActiveCfg = Debug|Any CPU
		{8660062D-C03E-4B1C-9A7E-4419BE5C7BBA}.Debug|Any CPU.Build.0 = Debug|Any CPU
		{8660062D-C03E-4B1C-9A7E-4419BE5C7BBA}.Release|Any CPU.ActiveCfg = Release|Any CPU
		{8660062D-C03E-4B1C-9A7E-4419BE5C7BBA}.Release|Any CPU.Build.0 = Release|Any CPU
	EndGlobalSection
	GlobalSection(SolutionProperties) = preSolution
		HideSolutionNode = FALSE
	EndGlobalSection
	GlobalSection(ExtensibilityGlobals) = postSolution
		SolutionGuid = {24E897D7-6018-47A3-8475-6F502DD672CF}
	EndGlobalSection
EndGlobal
